
Microsoft Visual Studio Solution File, Format Version 12.00
# Visual Studio 15
Project("{FAE04EC0-301F-11D3-BF4B-00C04F79EFBC}") = "CITestTwo.Editor", "CITestTwo.Editor.csproj", "{06A63D05-5E8C-4250-BD08-89AD608914BA}"
EndProject
Project("{FAE04EC0-301F-11D3-BF4B-00C04F79EFBC}") = "CITestTwo.Editor.Plugins", "CITestTwo.Editor.Plugins.csproj", "{A63ADDD1-B0C5-0387-9CA3-DA0AA060D97D}"
EndProject
Global
	GlobalSection(SolutionConfigurationPlatforms) = preSolution
		Debug|Any CPU = Debug|Any CPU
		Release|Any CPU = Release|Any CPU
	EndGlobalSection
	GlobalSection(ProjectConfigurationPlatforms) = postSolution
		{06A63D05-5E8C-4250-BD08-89AD608914BA}.Debug|Any CPU.ActiveCfg = Debug|Any CPU
		{06A63D05-5E8C-4250-BD08-89AD608914BA}.Debug|Any CPU.Build.0 = Debug|Any CPU
		{06A63D05-5E8C-4250-BD08-89AD608914BA}.Release|Any CPU.ActiveCfg = Release|Any CPU
		{06A63D05-5E8C-4250-BD08-89AD608914BA}.Release|Any CPU.Build.0 = Release|Any CPU
		{A63ADDD1-B0C5-0387-9CA3-DA0AA060D97D}.Debug|Any CPU.ActiveCfg = Debug|Any CPU
		{A63ADDD1-B0C5-0387-9CA3-DA0AA060D97D}.Debug|Any CPU.Build.0 = Debug|Any CPU
		{A63ADDD1-B0C5-0387-9CA3-DA0AA060D97D}.Release|Any CPU.ActiveCfg = Release|Any CPU
		{A63ADDD1-B0C5-0387-9CA3-DA0AA060D97D}.Release|Any CPU.Build.0 = Release|Any CPU
	EndGlobalSection
	GlobalSection(SolutionProperties) = preSolution
		HideSolutionNode = FALSE
	EndGlobalSection
EndGlobal
